
Microsoft Visual Studio Solution File, Format Version 12.00
# Visual Studio Version 17
VisualStudioVersion = 17.7.34031.279
MinimumVisualStudioVersion = 10.0.40219.1
Project("{FAE04EC0-301F-11D3-BF4B-00C04F79EFBC}") = "GA_ClassInstanceMethods", "GA_ClassInstanceMethods.csproj", "{3755080D-E928-4414-BCE1-31341182C670}"
EndProject
Global
	GlobalSection(SolutionConfigurationPlatforms) = preSolution
		Debug|Any CPU = Debug|Any CPU
		Release|Any CPU = Release|Any CPU
	EndGlobalSection
	GlobalSection(ProjectConfigurationPlatforms) = postSolution
		{3755080D-E928-4414-BCE1-31341182C670}.Debug|Any CPU.ActiveCfg = Debug|Any CPU
		{3755080D-E928-4414-BCE1-31341182C670}.Debug|Any CPU.Build.0 = Debug|Any CPU
		{3755080D-E928-4414-BCE1-31341182C670}.Release|Any CPU.ActiveCfg = Release|Any CPU
		{3755080D-E928-4414-BCE1-31341182C670}.Release|Any CPU.Build.0 = Release|Any CPU
	EndGlobalSection
	GlobalSection(SolutionProperties) = preSolution
		HideSolutionNode = FALSE
	EndGlobalSection
	GlobalSection(ExtensibilityGlobals) = postSolution
		SolutionGuid = {4764C0E9-505A-40FE-9AC3-2770300CB611}
	EndGlobalSection
EndGlobal
